
Microsoft Visual Studio Solution File, Format Version 12.00
# Visual Studio Version 17
VisualStudioVersion = 17.6.33829.357
MinimumVisualStudioVersion = 10.0.40219.1
Project("{FAE04EC0-301F-11D3-BF4B-00C04F79EFBC}") = "test_2023_08_02", "test_2023_08_02\test_2023_08_02.csproj", "{E4CC2E97-7383-47C9-BBFD-536CB4AFA98F}"
EndProject
Global
	GlobalSection(SolutionConfigurationPlatforms) = preSolution
		Debug|Any CPU = Debug|Any CPU
		Release|Any CPU = Release|Any CPU
	EndGlobalSection
	GlobalSection(ProjectConfigurationPlatforms) = postSolution
		{E4CC2E97-7383-47C9-BBFD-536CB4AFA98F}.Debug|Any CPU.ActiveCfg = Debug|Any CPU
		{E4CC2E97-7383-47C9-BBFD-536CB4AFA98F}.Debug|Any CPU.Build.0 = Debug|Any CPU
		{E4CC2E97-7383-47C9-BBFD-536CB4AFA98F}.Release|Any CPU.ActiveCfg = Release|Any CPU
		{E4CC2E97-7383-47C9-BBFD-536CB4AFA98F}.Release|Any CPU.Build.0 = Release|Any CPU
	EndGlobalSection
	GlobalSection(SolutionProperties) = preSolution
		HideSolutionNode = FALSE
	EndGlobalSection
	GlobalSection(ExtensibilityGlobals) = postSolution
		SolutionGuid = {8260C3D0-77ED-418E-ACE0-54686A256C46}
	EndGlobalSection
EndGlobal
