
Microsoft Visual Studio Solution File, Format Version 12.00
# Visual Studio Version 17
VisualStudioVersion = 17.8.34525.116
MinimumVisualStudioVersion = 10.0.40219.1
Project("{FAE04EC0-301F-11D3-BF4B-00C04F79EFBC}") = "test_2024_02_03", "test_2024_02_03\test_2024_02_03.csproj", "{0BAF8940-1C3F-400F-9126-BF10385AE624}"
EndProject
Global
	GlobalSection(SolutionConfigurationPlatforms) = preSolution
		Debug|Any CPU = Debug|Any CPU
		Release|Any CPU = Release|Any CPU
	EndGlobalSection
	GlobalSection(ProjectConfigurationPlatforms) = postSolution
		{0BAF8940-1C3F-400F-9126-BF10385AE624}.Debug|Any CPU.ActiveCfg = Debug|Any CPU
		{0BAF8940-1C3F-400F-9126-BF10385AE624}.Debug|Any CPU.Build.0 = Debug|Any CPU
		{0BAF8940-1C3F-400F-9126-BF10385AE624}.Release|Any CPU.ActiveCfg = Release|Any CPU
		{0BAF8940-1C3F-400F-9126-BF10385AE624}.Release|Any CPU.Build.0 = Release|Any CPU
	EndGlobalSection
	GlobalSection(SolutionProperties) = preSolution
		HideSolutionNode = FALSE
	EndGlobalSection
	GlobalSection(ExtensibilityGlobals) = postSolution
		SolutionGuid = {A51A4B34-F237-4C53-B73E-46A590F0DB12}
	EndGlobalSection
EndGlobal
